
Microsoft Visual Studio Solution File, Format Version 12.00
# Visual Studio Version 16
VisualStudioVersion = 16.0.32630.194
MinimumVisualStudioVersion = 10.0.40219.1
Project("{FAE04EC0-301F-11D3-BF4B-00C04F79EFBC}") = "BaseLab1", "BaseLab1\BaseLab1.csproj", "{9A6C9D2A-448C-4C4F-8B4E-70A894F64BFB}"
EndProject
Global
	GlobalSection(SolutionConfigurationPlatforms) = preSolution
		Debug|Any CPU = Debug|Any CPU
		Release|Any CPU = Release|Any CPU
	EndGlobalSection
	GlobalSection(ProjectConfigurationPlatforms) = postSolution
		{9A6C9D2A-448C-4C4F-8B4E-70A894F64BFB}.Debug|Any CPU.ActiveCfg = Debug|Any CPU
		{9A6C9D2A-448C-4C4F-8B4E-70A894F64BFB}.Debug|Any CPU.Build.0 = Debug|Any CPU
		{9A6C9D2A-448C-4C4F-8B4E-70A894F64BFB}.Release|Any CPU.ActiveCfg = Release|Any CPU
		{9A6C9D2A-448C-4C4F-8B4E-70A894F64BFB}.Release|Any CPU.Build.0 = Release|Any CPU
	EndGlobalSection
	GlobalSection(SolutionProperties) = preSolution
		HideSolutionNode = FALSE
	EndGlobalSection
	GlobalSection(ExtensibilityGlobals) = postSolution
		SolutionGuid = {F628D7C6-8528-4187-9EF0-B57574AD7CF7}
	EndGlobalSection
EndGlobal
